
Microsoft Visual Studio Solution File, Format Version 12.00
# Visual Studio Version 16
VisualStudioVersion = 16.0.30907.101
MinimumVisualStudioVersion = 10.0.40219.1
Project("{2150E333-8FDC-42A3-9474-1A3956D46DE8}") = "Infrastructure.Bus", "Infrastructure.Bus", "{C3BED023-9826-4579-A5CF-B3082FB2E592}"
EndProject
Project("{2150E333-8FDC-42A3-9474-1A3956D46DE8}") = "Infrastructure.IoC", "Infrastructure.IoC", "{D8675CBD-6DFA-4AC2-9B66-18223AE58A3C}"
EndProject
Project("{2150E333-8FDC-42A3-9474-1A3956D46DE8}") = "Domain", "Domain", "{6CACD598-094A-4390-B21F-3715961156F7}"
EndProject
Project("{2150E333-8FDC-42A3-9474-1A3956D46DE8}") = "Microservices", "Microservices", "{3505D0BE-F235-4728-8227-7762A8BBFC4B}"
EndProject
Project("{2150E333-8FDC-42A3-9474-1A3956D46DE8}") = "Presentation", "Presentation", "{6AA2025B-2223-42FC-8992-FCC40973F805}"
EndProject
Project("{9A19103F-16F7-4668-BE54-9A1E7A4F7556}") = "MicroRabbit.Domain.Core", "MicroRabbit.Domain.Core\MicroRabbit.Domain.Core.csproj", "{0D49F78E-2C7B-4043-801F-49601278A3BA}"
EndProject
Project("{9A19103F-16F7-4668-BE54-9A1E7A4F7556}") = "MicroRabbit.Infrastructure.Bus", "MicroRabbit.Infrastructure.Bus\MicroRabbit.Infrastructure.Bus.csproj", "{C9333C31-7DBB-4A17-AD7F-1DC215CFE786}"
EndProject
Project("{9A19103F-16F7-4668-BE54-9A1E7A4F7556}") = "MicroRabbit.Infrastructure.IoC", "MicroRabbit.Infrastructure.IoC\MicroRabbit.Infrastructure.IoC.csproj", "{E61CCFAF-3E7E-4D65-931F-C6F4E4ED9131}"
EndProject
Project("{2150E333-8FDC-42A3-9474-1A3956D46DE8}") = "Banking", "Banking", "{A856C2B0-ACF8-4AC7-9E21-2F5F4C446E7A}"
EndProject
Project("{2150E333-8FDC-42A3-9474-1A3956D46DE8}") = "API", "API", "{8228A66E-91FE-461D-B197-448547E286F1}"
EndProject
Project("{2150E333-8FDC-42A3-9474-1A3956D46DE8}") = "Application", "Application", "{AC0BB1EE-7BD7-4A77-A0B7-52758E8EE58F}"
EndProject
Project("{2150E333-8FDC-42A3-9474-1A3956D46DE8}") = "Data", "Data", "{E6001E35-FB6B-4024-A2E1-540E566AA581}"
EndProject
Project("{2150E333-8FDC-42A3-9474-1A3956D46DE8}") = "Domain", "Domain", "{FBEF3A67-6764-49EF-8471-147BD0327E37}"
EndProject
Project("{9A19103F-16F7-4668-BE54-9A1E7A4F7556}") = "MicroRabbit.Banking.API", "MicroRabbit.Banking.API\MicroRabbit.Banking.API.csproj", "{98AB72C9-0459-4CF2-BC38-920E8F02D7FE}"
EndProject
Project("{9A19103F-16F7-4668-BE54-9A1E7A4F7556}") = "MicroRabbit.Banking.Application", "MicroRabbit.Banking.Application\MicroRabbit.Banking.Application.csproj", "{6E34581A-5884-4E01-BAA4-DE4320EECD15}"
EndProject
Project("{9A19103F-16F7-4668-BE54-9A1E7A4F7556}") = "MicroRabbit.Banking.Data", "MicroRabbit.Banking.Data\MicroRabbit.Banking.Data.csproj", "{2185EA52-3A57-4735-9F98-FE4CF388F265}"
EndProject
Project("{9A19103F-16F7-4668-BE54-9A1E7A4F7556}") = "MicroRabbit.Banking.Domain", "MicroRabbit.Banking.Domain\MicroRabbit.Banking.Domain.csproj", "{C1552B2D-9C44-4F6C-9641-361661293DB9}"
EndProject
Project("{2150E333-8FDC-42A3-9474-1A3956D46DE8}") = "Transfer", "Transfer", "{7AC3A364-C4C3-473E-991C-84471C4CE387}"
EndProject
Project("{2150E333-8FDC-42A3-9474-1A3956D46DE8}") = "API", "API", "{85A88AB1-C29C-4BDB-9D97-03B5E65F3580}"
EndProject
Project("{2150E333-8FDC-42A3-9474-1A3956D46DE8}") = "Domain", "Domain", "{6C38E27F-5773-4AF0-9E2E-E9A94E665ED3}"
EndProject
Project("{2150E333-8FDC-42A3-9474-1A3956D46DE8}") = "Application", "Application", "{2D92F16B-C371-49DB-A395-E989E5E27C2F}"
EndProject
Project("{2150E333-8FDC-42A3-9474-1A3956D46DE8}") = "Data", "Data", "{EBF94194-F783-4592-940C-740E4A75F280}"
EndProject
Project("{FAE04EC0-301F-11D3-BF4B-00C04F79EFBC}") = "MicroRabbit.Transfer.API", "MicroRabbit.Transfer.API\MicroRabbit.Transfer.API.csproj", "{5403F121-2E07-485B-90D0-92E3F6D882AE}"
EndProject
Project("{FAE04EC0-301F-11D3-BF4B-00C04F79EFBC}") = "MicroRabbit.Transfer.Application", "MicroRabbit.Transfer.Application\MicroRabbit.Transfer.Application.csproj", "{A44E3A3A-CB4E-4C29-82F3-A07B01F3F406}"
EndProject
Project("{FAE04EC0-301F-11D3-BF4B-00C04F79EFBC}") = "MicroRabbit.Transfer.Data", "MicroRabbit.Transfer.Data\MicroRabbit.Transfer.Data.csproj", "{3FBB363A-FE47-404F-952F-C73FD62DE35A}"
EndProject
Project("{FAE04EC0-301F-11D3-BF4B-00C04F79EFBC}") = "MicroRabbit.Transfer.Domain", "MicroRabbit.Transfer.Domain\MicroRabbit.Transfer.Domain.csproj", "{DAA88ACD-9592-4887-B1A2-FE6E10CD7818}"
EndProject
Global
	GlobalSection(SolutionConfigurationPlatforms) = preSolution
		Debug|Any CPU = Debug|Any CPU
		Release|Any CPU = Release|Any CPU
	EndGlobalSection
	GlobalSection(ProjectConfigurationPlatforms) = postSolution
		{0D49F78E-2C7B-4043-801F-49601278A3BA}.Debug|Any CPU.ActiveCfg = Debug|Any CPU
		{0D49F78E-2C7B-4043-801F-49601278A3BA}.Debug|Any CPU.Build.0 = Debug|Any CPU
		{0D49F78E-2C7B-4043-801F-49601278A3BA}.Release|Any CPU.ActiveCfg = Release|Any CPU
		{0D49F78E-2C7B-4043-801F-49601278A3BA}.Release|Any CPU.Build.0 = Release|Any CPU
		{C9333C31-7DBB-4A17-AD7F-1DC215CFE786}.Debug|Any CPU.ActiveCfg = Debug|Any CPU
		{C9333C31-7DBB-4A17-AD7F-1DC215CFE786}.Debug|Any CPU.Build.0 = Debug|Any CPU
		{C9333C31-7DBB-4A17-AD7F-1DC215CFE786}.Release|Any CPU.ActiveCfg = Release|Any CPU
		{C9333C31-7DBB-4A17-AD7F-1DC215CFE786}.Release|Any CPU.Build.0 = Release|Any CPU
		{E61CCFAF-3E7E-4D65-931F-C6F4E4ED9131}.Debug|Any CPU.ActiveCfg = Debug|Any CPU
		{E61CCFAF-3E7E-4D65-931F-C6F4E4ED9131}.Debug|Any CPU.Build.0 = Debug|Any CPU
		{E61CCFAF-3E7E-4D65-931F-C6F4E4ED9131}.Release|Any CPU.ActiveCfg = Release|Any CPU
		{E61CCFAF-3E7E-4D65-931F-C6F4E4ED9131}.Release|Any CPU.Build.0 = Release|Any CPU
		{98AB72C9-0459-4CF2-BC38-920E8F02D7FE}.Debug|Any CPU.ActiveCfg = Debug|Any CPU
		{98AB72C9-0459-4CF2-BC38-920E8F02D7FE}.Debug|Any CPU.Build.0 = Debug|Any CPU
		{98AB72C9-0459-4CF2-BC38-920E8F02D7FE}.Release|Any CPU.ActiveCfg = Release|Any CPU
		{98AB72C9-0459-4CF2-BC38-920E8F02D7FE}.Release|Any CPU.Build.0 = Release|Any CPU
		{6E34581A-5884-4E01-BAA4-DE4320EECD15}.Debug|Any CPU.ActiveCfg = Debug|Any CPU
		{6E34581A-5884-4E01-BAA4-DE4320EECD15}.Debug|Any CPU.Build.0 = Debug|Any CPU
		{6E34581A-5884-4E01-BAA4-DE4320EECD15}.Release|Any CPU.ActiveCfg = Release|Any CPU
		{6E34581A-5884-4E01-BAA4-DE4320EECD15}.Release|Any CPU.Build.0 = Release|Any CPU
		{2185EA52-3A57-4735-9F98-FE4CF388F265}.Debug|Any CPU.ActiveCfg = Debug|Any CPU
		{2185EA52-3A57-4735-9F98-FE4CF388F265}.Debug|Any CPU.Build.0 = Debug|Any CPU
		{2185EA52-3A57-4735-9F98-FE4CF388F265}.Release|Any CPU.ActiveCfg = Release|Any CPU
		{2185EA52-3A57-4735-9F98-FE4CF388F265}.Release|Any CPU.Build.0 = Release|Any CPU
		{C1552B2D-9C44-4F6C-9641-361661293DB9}.Debug|Any CPU.ActiveCfg = Debug|Any CPU
		{C1552B2D-9C44-4F6C-9641-361661293DB9}.Debug|Any CPU.Build.0 = Debug|Any CPU
		{C1552B2D-9C44-4F6C-9641-361661293DB9}.Release|Any CPU.ActiveCfg = Release|Any CPU
		{C1552B2D-9C44-4F6C-9641-361661293DB9}.Release|Any CPU.Build.0 = Release|Any CPU
		{5403F121-2E07-485B-90D0-92E3F6D882AE}.Debug|Any CPU.ActiveCfg = Debug|Any CPU
		{5403F121-2E07-485B-90D0-92E3F6D882AE}.Debug|Any CPU.Build.0 = Debug|Any CPU
		{5403F121-2E07-485B-90D0-92E3F6D882AE}.Release|Any CPU.ActiveCfg = Release|Any CPU
		{5403F121-2E07-485B-90D0-92E3F6D882AE}.Release|Any CPU.Build.0 = Release|Any CPU
		{A44E3A3A-CB4E-4C29-82F3-A07B01F3F406}.Debug|Any CPU.ActiveCfg = Debug|Any CPU
		{A44E3A3A-CB4E-4C29-82F3-A07B01F3F406}.Debug|Any CPU.Build.0 = Debug|Any CPU
		{A44E3A3A-CB4E-4C29-82F3-A07B01F3F406}.Release|Any CPU.ActiveCfg = Release|Any CPU
		{A44E3A3A-CB4E-4C29-82F3-A07B01F3F406}.Release|Any CPU.Build.0 = Release|Any CPU
		{3FBB363A-FE47-404F-952F-C73FD62DE35A}.Debug|Any CPU.ActiveCfg = Debug|Any CPU
		{3FBB363A-FE47-404F-952F-C73FD62DE35A}.Debug|Any CPU.Build.0 = Debug|Any CPU
		{3FBB363A-FE47-404F-952F-C73FD62DE35A}.Release|Any CPU.ActiveCfg = Release|Any CPU
		{3FBB363A-FE47-404F-952F-C73FD62DE35A}.Release|Any CPU.Build.0 = Release|Any CPU
		{DAA88ACD-9592-4887-B1A2-FE6E10CD7818}.Debug|Any CPU.ActiveCfg = Debug|Any CPU
		{DAA88ACD-9592-4887-B1A2-FE6E10CD7818}.Debug|Any CPU.Build.0 = Debug|Any CPU
		{DAA88ACD-9592-4887-B1A2-FE6E10CD7818}.Release|Any CPU.ActiveCfg = Release|Any CPU
		{DAA88ACD-9592-4887-B1A2-FE6E10CD7818}.Release|Any CPU.Build.0 = Release|Any CPU
	EndGlobalSection
	GlobalSection(SolutionProperties) = preSolution
		HideSolutionNode = FALSE
	EndGlobalSection
	GlobalSection(NestedProjects) = preSolution
		{0D49F78E-2C7B-4043-801F-49601278A3BA} = {6CACD598-094A-4390-B21F-3715961156F7}
		{C9333C31-7DBB-4A17-AD7F-1DC215CFE786} = {C3BED023-9826-4579-A5CF-B3082FB2E592}
		{E61CCFAF-3E7E-4D65-931F-C6F4E4ED9131} = {D8675CBD-6DFA-4AC2-9B66-18223AE58A3C}
		{A856C2B0-ACF8-4AC7-9E21-2F5F4C446E7A} = {3505D0BE-F235-4728-8227-7762A8BBFC4B}
		{8228A66E-91FE-461D-B197-448547E286F1} = {A856C2B0-ACF8-4AC7-9E21-2F5F4C446E7A}
		{AC0BB1EE-7BD7-4A77-A0B7-52758E8EE58F} = {A856C2B0-ACF8-4AC7-9E21-2F5F4C446E7A}
		{E6001E35-FB6B-4024-A2E1-540E566AA581} = {A856C2B0-ACF8-4AC7-9E21-2F5F4C446E7A}
		{FBEF3A67-6764-49EF-8471-147BD0327E37} = {A856C2B0-ACF8-4AC7-9E21-2F5F4C446E7A}
		{98AB72C9-0459-4CF2-BC38-920E8F02D7FE} = {8228A66E-91FE-461D-B197-448547E286F1}
		{6E34581A-5884-4E01-BAA4-DE4320EECD15} = {AC0BB1EE-7BD7-4A77-A0B7-52758E8EE58F}
		{2185EA52-3A57-4735-9F98-FE4CF388F265} = {E6001E35-FB6B-4024-A2E1-540E566AA581}
		{C1552B2D-9C44-4F6C-9641-361661293DB9} = {FBEF3A67-6764-49EF-8471-147BD0327E37}
		{7AC3A364-C4C3-473E-991C-84471C4CE387} = {3505D0BE-F235-4728-8227-7762A8BBFC4B}
		{85A88AB1-C29C-4BDB-9D97-03B5E65F3580} = {7AC3A364-C4C3-473E-991C-84471C4CE387}
		{6C38E27F-5773-4AF0-9E2E-E9A94E665ED3} = {7AC3A364-C4C3-473E-991C-84471C4CE387}
		{2D92F16B-C371-49DB-A395-E989E5E27C2F} = {7AC3A364-C4C3-473E-991C-84471C4CE387}
		{EBF94194-F783-4592-940C-740E4A75F280} = {7AC3A364-C4C3-473E-991C-84471C4CE387}
		{5403F121-2E07-485B-90D0-92E3F6D882AE} = {85A88AB1-C29C-4BDB-9D97-03B5E65F3580}
		{A44E3A3A-CB4E-4C29-82F3-A07B01F3F406} = {2D92F16B-C371-49DB-A395-E989E5E27C2F}
		{3FBB363A-FE47-404F-952F-C73FD62DE35A} = {EBF94194-F783-4592-940C-740E4A75F280}
		{DAA88ACD-9592-4887-B1A2-FE6E10CD7818} = {6C38E27F-5773-4AF0-9E2E-E9A94E665ED3}
	EndGlobalSection
	GlobalSection(ExtensibilityGlobals) = postSolution
		SolutionGuid = {FC6A5B8C-763A-4DFF-979B-7B2606428B62}
	EndGlobalSection
EndGlobal
